
Microsoft Visual Studio Solution File, Format Version 11.00
# Visual Web Developer Express 2010
Project("{FAE04EC0-301F-11D3-BF4B-00C04F79EFBC}") = "DotNetOpenAuth.ApplicationBlock", "DotNetOpenAuth.ApplicationBlock\DotNetOpenAuth.ApplicationBlock.csproj", "{AA78D112-D889-414B-A7D4-467B34C7B663}"
EndProject
Project("{FAE04EC0-301F-11D3-BF4B-00C04F79EFBC}") = "OAuthConsumer", "OAuthConsumer\OAuthConsumer.csproj", "{2BF1FFD1-607E-40D0-8AB5-EDA677EF932D}"
EndProject
Global
	GlobalSection(SolutionConfigurationPlatforms) = preSolution
		CodeAnalysis|Any CPU = CodeAnalysis|Any CPU
		Debug|Any CPU = Debug|Any CPU
		Release|Any CPU = Release|Any CPU
	EndGlobalSection
	GlobalSection(ProjectConfigurationPlatforms) = postSolution
		{AA78D112-D889-414B-A7D4-467B34C7B663}.CodeAnalysis|Any CPU.ActiveCfg = CodeAnalysis|Any CPU
		{AA78D112-D889-414B-A7D4-467B34C7B663}.CodeAnalysis|Any CPU.Build.0 = CodeAnalysis|Any CPU
		{AA78D112-D889-414B-A7D4-467B34C7B663}.Debug|Any CPU.ActiveCfg = Debug|Any CPU
		{AA78D112-D889-414B-A7D4-467B34C7B663}.Debug|Any CPU.Build.0 = Debug|Any CPU
		{AA78D112-D889-414B-A7D4-467B34C7B663}.Release|Any CPU.ActiveCfg = Release|Any CPU
		{AA78D112-D889-414B-A7D4-467B34C7B663}.Release|Any CPU.Build.0 = Release|Any CPU
		{2BF1FFD1-607E-40D0-8AB5-EDA677EF932D}.CodeAnalysis|Any CPU.ActiveCfg = Debug|Any CPU
		{2BF1FFD1-607E-40D0-8AB5-EDA677EF932D}.CodeAnalysis|Any CPU.Build.0 = Debug|Any CPU
		{2BF1FFD1-607E-40D0-8AB5-EDA677EF932D}.Debug|Any CPU.ActiveCfg = Debug|Any CPU
		{2BF1FFD1-607E-40D0-8AB5-EDA677EF932D}.Debug|Any CPU.Build.0 = Debug|Any CPU
		{2BF1FFD1-607E-40D0-8AB5-EDA677EF932D}.Release|Any CPU.ActiveCfg = Release|Any CPU
		{2BF1FFD1-607E-40D0-8AB5-EDA677EF932D}.Release|Any CPU.Build.0 = Release|Any CPU
	EndGlobalSection
	GlobalSection(SolutionProperties) = preSolution
		HideSolutionNode = FALSE
	EndGlobalSection
	GlobalSection(NestedProjects) = preSolution
		{AEA29D4D-396F-47F6-BC81-B58D4B855245} = {A4059F7E-8E6F-4FA2-A1D5-1B9B46C93F82}
		{2A59DE0A-B76A-4B42-9A33-04D34548353D} = {A4059F7E-8E6F-4FA2-A1D5-1B9B46C93F82}
		{07B193F1-68AD-4E9C-98AF-BEFB5E9403CB} = {A4059F7E-8E6F-4FA2-A1D5-1B9B46C93F82}
		{1E8AEA89-BF69-47A1-B290-E8B0FE588700} = {A4059F7E-8E6F-4FA2-A1D5-1B9B46C93F82}
		{9F9A83C3-55FC-42F1-A6B6-15A52BD01FC0} = {A4059F7E-8E6F-4FA2-A1D5-1B9B46C93F82}
		{0B4EB2A8-283D-48FB-BCD0-85B8DFFE05E4} = {A4059F7E-8E6F-4FA2-A1D5-1B9B46C93F82}
		{B64A1E7E-6A15-4B91-AF13-7D48F7DA5942} = {A4059F7E-8E6F-4FA2-A1D5-1B9B46C93F82}
		{5C65603B-235F-47E6-B536-06385C60DE7F} = {A4059F7E-8E6F-4FA2-A1D5-1B9B46C93F82}
		{F289B925-4307-4BEC-B411-885CE70E3379} = {A4059F7E-8E6F-4FA2-A1D5-1B9B46C93F82}
		{6EC36418-DBC5-4AD1-A402-413604AA7A08} = {812D828E-C91A-45AB-BAE9-3FC6D9560F9F}
		{9529606E-AF76-4387-BFB7-3D10A5B399AA} = {812D828E-C91A-45AB-BAE9-3FC6D9560F9F}
		{E135F455-0669-49F8-9207-07FCA8C8FC79} = {812D828E-C91A-45AB-BAE9-3FC6D9560F9F}
		{C78E8235-1D46-43EB-A912-80B522C4E9AE} = {812D828E-C91A-45AB-BAE9-3FC6D9560F9F}
		{BE7016A8-D1B9-471A-AA53-A3D0CB800D35} = {9145144C-1192-41C9-9A6D-D8F6BFE350F2}
		{2BF1FFD1-607E-40D0-8AB5-EDA677EF932D} = {DA6EF95A-C3A3-4ABE-AABA-880082AD12BF}
		{CAA2408C-6918-4902-A512-58BCD62216C3} = {DA6EF95A-C3A3-4ABE-AABA-880082AD12BF}
	EndGlobalSection
EndGlobal
